
Microsoft Visual Studio Solution File, Format Version 12.00
# Visual Studio 14
VisualStudioVersion = 14.0.25420.1
MinimumVisualStudioVersion = 10.0.40219.1
Project("{FAE04EC0-301F-11D3-BF4B-00C04F79EFBC}") = "WebHost", "WebHost\WebHost.csproj", "{FFC2C3E7-CB3F-488B-988B-B5161C2EF242}"
EndProject
Project("{FAE04EC0-301F-11D3-BF4B-00C04F79EFBC}") = "DSS.UareU.Web.Api.Service", "DSS.UareU.Web.Api.Service\DSS.UareU.Web.Api.Service.csproj", "{9FF209D7-C82B-42E8-AF53-76AB17EE90E2}"
EndProject
Global
	GlobalSection(SolutionConfigurationPlatforms) = preSolution
		Debug|Any CPU = Debug|Any CPU
		Release|Any CPU = Release|Any CPU
	EndGlobalSection
	GlobalSection(ProjectConfigurationPlatforms) = postSolution
		{FFC2C3E7-CB3F-488B-988B-B5161C2EF242}.Debug|Any CPU.ActiveCfg = Debug|Any CPU
		{FFC2C3E7-CB3F-488B-988B-B5161C2EF242}.Debug|Any CPU.Build.0 = Debug|Any CPU
		{FFC2C3E7-CB3F-488B-988B-B5161C2EF242}.Release|Any CPU.ActiveCfg = Release|Any CPU
		{FFC2C3E7-CB3F-488B-988B-B5161C2EF242}.Release|Any CPU.Build.0 = Release|Any CPU
		{9FF209D7-C82B-42E8-AF53-76AB17EE90E2}.Debug|Any CPU.ActiveCfg = Debug|Any CPU
		{9FF209D7-C82B-42E8-AF53-76AB17EE90E2}.Debug|Any CPU.Build.0 = Debug|Any CPU
		{9FF209D7-C82B-42E8-AF53-76AB17EE90E2}.Release|Any CPU.ActiveCfg = Release|Any CPU
		{9FF209D7-C82B-42E8-AF53-76AB17EE90E2}.Release|Any CPU.Build.0 = Release|Any CPU
	EndGlobalSection
	GlobalSection(SolutionProperties) = preSolution
		HideSolutionNode = FALSE
	EndGlobalSection
EndGlobal
